
Microsoft Visual Studio Solution File, Format Version 12.00
# Visual Studio Version 17
VisualStudioVersion = 17.0.31912.275
MinimumVisualStudioVersion = 10.0.40219.1
Project("{8BC9CEB8-8B4A-11D0-8D11-00A0C91BC942}") = "8.1.4", "8.1.4.vcxproj", "{B0126972-BC28-45E5-8302-1066F2630ADF}"
EndProject
Project("{8BC9CEB8-8B4A-11D0-8D11-00A0C91BC942}") = "UnitTest1", "..\UnitTest1\UnitTest1.vcxproj", "{FB99FF03-44E1-4A6B-BD9F-335049F077ED}"
EndProject
Global
	GlobalSection(SolutionConfigurationPlatforms) = preSolution
		Debug|x64 = Debug|x64
		Debug|x86 = Debug|x86
		Release|x64 = Release|x64
		Release|x86 = Release|x86
	EndGlobalSection
	GlobalSection(ProjectConfigurationPlatforms) = postSolution
		{B0126972-BC28-45E5-8302-1066F2630ADF}.Debug|x64.ActiveCfg = Debug|x64
		{B0126972-BC28-45E5-8302-1066F2630ADF}.Debug|x64.Build.0 = Debug|x64
		{B0126972-BC28-45E5-8302-1066F2630ADF}.Debug|x86.ActiveCfg = Debug|Win32
		{B0126972-BC28-45E5-8302-1066F2630ADF}.Debug|x86.Build.0 = Debug|Win32
		{B0126972-BC28-45E5-8302-1066F2630ADF}.Release|x64.ActiveCfg = Release|x64
		{B0126972-BC28-45E5-8302-1066F2630ADF}.Release|x64.Build.0 = Release|x64
		{B0126972-BC28-45E5-8302-1066F2630ADF}.Release|x86.ActiveCfg = Release|Win32
		{B0126972-BC28-45E5-8302-1066F2630ADF}.Release|x86.Build.0 = Release|Win32
		{FB99FF03-44E1-4A6B-BD9F-335049F077ED}.Debug|x64.ActiveCfg = Debug|x64
		{FB99FF03-44E1-4A6B-BD9F-335049F077ED}.Debug|x64.Build.0 = Debug|x64
		{FB99FF03-44E1-4A6B-BD9F-335049F077ED}.Debug|x86.ActiveCfg = Debug|Win32
		{FB99FF03-44E1-4A6B-BD9F-335049F077ED}.Debug|x86.Build.0 = Debug|Win32
		{FB99FF03-44E1-4A6B-BD9F-335049F077ED}.Release|x64.ActiveCfg = Release|x64
		{FB99FF03-44E1-4A6B-BD9F-335049F077ED}.Release|x64.Build.0 = Release|x64
		{FB99FF03-44E1-4A6B-BD9F-335049F077ED}.Release|x86.ActiveCfg = Release|Win32
		{FB99FF03-44E1-4A6B-BD9F-335049F077ED}.Release|x86.Build.0 = Release|Win32
	EndGlobalSection
	GlobalSection(SolutionProperties) = preSolution
		HideSolutionNode = FALSE
	EndGlobalSection
	GlobalSection(ExtensibilityGlobals) = postSolution
		SolutionGuid = {F06C82CF-DDE0-4D06-9A60-F3FCC4A6922C}
	EndGlobalSection
EndGlobal
